{
  "name": "frontend",
  "lockfileVersion": 2,
  "requires": true,
  "packages": {
    "": {
      "dependencies": {
        "dragscroll": "^0.0.8"
      }
    },
    "node_modules/dragscroll": {
      "version": "0.0.8",
      "resolved": "https://registry.npmjs.org/dragscroll/-/dragscroll-0.0.8.tgz",
      "integrity": "sha1-3kdx5fOhTXe1g+zvXTi9lhjydWM=",
      "engines": {
        "node": "*"
      }
    }
  },
  "dependencies": {
    "dragscroll": {
      "version": "0.0.8",
      "resolved": "https://registry.npmjs.org/dragscroll/-/dragscroll-0.0.8.tgz",
      "integrity": "sha1-3kdx5fOhTXe1g+zvXTi9lhjydWM="
    }
  }
}
